{
  "name": "lion-test",
  "version": "1.0.0",
  "lockfileVersion": 2,
  "requires": true,
  "packages": {
    "": {
      "name": "lion-test",
      "version": "1.0.0",
      "license": "ISC",
      "dependencies": {
        "lion-lib-696923": "^1.0.0"
      }
    },
    "node_modules/lion-lib-696923": {
      "version": "1.0.0",
      "resolved": "https://registry.npmjs.org/lion-lib-696923/-/lion-lib-696923-1.0.0.tgz",
      "integrity": "sha512-bT0diRxQLu6bhnVbKJK0Rdpa7QE45BJjq9dnCvCLJ46OvS3iCoUwanyoVjYf07lDFYrQQWzeR/CtIkQLDbTVOQ=="
    }
  },
  "dependencies": {
    "lion-lib-696923": {
      "version": "1.0.0",
      "resolved": "https://registry.npmjs.org/lion-lib-696923/-/lion-lib-696923-1.0.0.tgz",
      "integrity": "sha512-bT0diRxQLu6bhnVbKJK0Rdpa7QE45BJjq9dnCvCLJ46OvS3iCoUwanyoVjYf07lDFYrQQWzeR/CtIkQLDbTVOQ=="
    }
  }
}
